#MicroXplorer Configuration settings - do not modify
Mcu.Family=STM32L4
RCC.MSI_VALUE=4000000
RCC.PLLSourceVirtual=RCC_PLLSOURCE_HSI
ProjectManager.MainLocation=Core/Src
PA2.GPIO_PuPd=GPIO_PULLUP
RCC.PLLQoutputFreq_Value=80000000
RCC.USART1Freq_Value=80000000
ProjectManager.ProjectFileName=FidgetSpinner.ioc
RCC.CortexFreq_Value=80000000
PA7.Mode=TX_Only_Simplex_Unidirect_Master
PA13\ (JTMS/SWDIO).Mode=Serial_Wire
ProjectManager.KeepUserCode=true
Mcu.UserName=STM32L412K8Tx
Mcu.PinsNb=9
SPI1.VirtualType=VM_MASTER
ProjectManager.NoMain=false
SPI1.IPParameters=VirtualType,Mode,Direction,CalculateBaudRate,DataSize,BaudRatePrescaler,NSSPMode
TIM1.IPParameters=EncoderMode
ProjectManager.functionlistsort=1-MX_GPIO_Init-GPIO-false-HAL-true,2-SystemClock_Config-RCC-false-HAL-false,3-MX_SPI1_Init-SPI1-false-HAL-true,4-MX_TIM1_Init-TIM1-false-HAL-true
TIM1.EncoderMode=TIM_ENCODERMODE_TI12
ProjectManager.DefaultFWLocation=true
RCC.USART2Freq_Value=80000000
ProjectManager.DeletePrevious=true
SH.S_TIM1_CH1.ConfNb=1
PA2.GPIOParameters=GPIO_PuPd
PinOutPanel.RotationAngle=0
RCC.FamilyName=M
RCC.MCO1PinFreq_Value=80000000
RCC.SYSCLKSource=RCC_SYSCLKSOURCE_PLLCLK
ProjectManager.StackSize=0x400
RCC.I2C3Freq_Value=80000000
RCC.LPTIM1Freq_Value=80000000
Mcu.IP4=TIM1
RCC.FCLKCortexFreq_Value=80000000
NVIC.SVCall_IRQn=true\:0\:0\:false\:false\:true\:false\:false
Mcu.IP2=SPI1
Mcu.IP3=SYS
Mcu.IP0=NVIC
Mcu.IP1=RCC
PA14\ (JTCK/SWCLK).Signal=SYS_JTCK-SWCLK
SH.S_TIM1_CH1.0=TIM1_CH1,Encoder_Interface
Mcu.UserConstants=
ProjectManager.TargetToolchain=STM32CubeIDE
Mcu.ThirdPartyNb=0
SPI1.Direction=SPI_DIRECTION_2LINES
RCC.HCLKFreq_Value=80000000
Mcu.IPNb=5
ProjectManager.PreviousToolchain=
RCC.APB2TimFreq_Value=80000000
PA9.Signal=S_TIM1_CH2
SPI1.CalculateBaudRate=5.0 MBits/s
Mcu.Pin6=PA13 (JTMS/SWDIO)
Mcu.Pin7=PA14 (JTCK/SWCLK)
ProjectManager.RegisterCallBack=
Mcu.Pin8=VP_SYS_VS_Systick
RCC.USBFreq_Value=4000000
RCC.LSE_VALUE=32768
PA1.Signal=SPI1_SCK
RCC.AHBFreq_Value=80000000
Mcu.Pin0=PA1
Mcu.Pin1=PA2
SH.S_TIM1_CH2.ConfNb=1
GPIO.groupedBy=Group By Peripherals
Mcu.Pin2=PA5
Mcu.Pin3=PA7
Mcu.Pin4=PA8
Mcu.Pin5=PA9
PA5.Signal=GPIO_Input
ProjectManager.ProjectBuild=false
RCC.HSE_VALUE=8000000
NVIC.UsageFault_IRQn=true\:0\:0\:false\:false\:true\:false\:false
NVIC.DebugMonitor_IRQn=true\:0\:0\:false\:false\:true\:false\:false
board=custom
RCC.VCOOutputFreq_Value=160000000
NVIC.SysTick_IRQn=true\:0\:0\:false\:false\:true\:false\:true
ProjectManager.LastFirmware=true
ProjectManager.FirmwarePackage=STM32Cube FW_L4 V1.17.0
MxDb.Version=DB.6.0.21
RCC.APB2Freq_Value=80000000
PA1.Mode=TX_Only_Simplex_Unidirect_Master
ProjectManager.BackupPrevious=false
MxCube.Version=6.2.1
RCC.VCOInputFreq_Value=16000000
SH.S_TIM1_CH2.0=TIM1_CH2,Encoder_Interface
RCC.I2C1Freq_Value=80000000
SPI1.Mode=SPI_MODE_MASTER
RCC.RNGFreq_Value=4000000
PA5.GPIO_PuPd=GPIO_PULLUP
RCC.ADCFreq_Value=80000000
SPI1.DataSize=SPI_DATASIZE_8BIT
File.Version=6
VP_SYS_VS_Systick.Mode=SysTick
PA8.Signal=S_TIM1_CH1
NVIC.NonMaskableInt_IRQn=true\:0\:0\:false\:false\:true\:false\:false
PA14\ (JTCK/SWCLK).Mode=Serial_Wire
RCC.PLLRCLKFreq_Value=80000000
NVIC.PendSV_IRQn=true\:0\:0\:false\:false\:true\:false\:false
ProjectManager.FreePins=false
RCC.IPParameters=ADCFreq_Value,AHBFreq_Value,APB1Freq_Value,APB1TimFreq_Value,APB2Freq_Value,APB2TimFreq_Value,CRSFreq_Value,CortexFreq_Value,FCLKCortexFreq_Value,FamilyName,HCLKFreq_Value,HSE_VALUE,HSI48_VALUE,HSI_VALUE,I2C1Freq_Value,I2C3Freq_Value,LPTIM1Freq_Value,LPTIM2Freq_Value,LPUART1Freq_Value,LSCOPinFreq_Value,LSE_VALUE,LSI_VALUE,MCO1PinFreq_Value,MSI_VALUE,PLLN,PLLQoutputFreq_Value,PLLRCLKFreq_Value,PLLSourceVirtual,PWRFreq_Value,RNGFreq_Value,SYSCLKFreq_VALUE,SYSCLKSource,USART1Freq_Value,USART2Freq_Value,USBFreq_Value,VCOInputFreq_Value,VCOOutputFreq_Value
ProjectManager.AskForMigrate=true
Mcu.Name=STM32L412K8Tx
RCC.LPTIM2Freq_Value=80000000
ProjectManager.HalAssertFull=false
SPI1.NSSPMode=SPI_NSS_PULSE_DISABLE
PA2.Signal=GPIO_Input
RCC.CRSFreq_Value=48000000
ProjectManager.ProjectName=FidgetSpinner
ProjectManager.UnderRoot=true
ProjectManager.CoupleFile=true
RCC.SYSCLKFreq_VALUE=80000000
Mcu.Package=LQFP32
PA5.Locked=true
NVIC.ForceEnableDMAVector=true
KeepUserPlacement=false
NVIC.MemoryManagement_IRQn=true\:0\:0\:false\:false\:true\:false\:false
ProjectManager.CompilerOptimize=6
ProjectManager.ToolChainLocation=
RCC.LSI_VALUE=32000
VP_SYS_VS_Systick.Signal=SYS_VS_Systick
RCC.LSCOPinFreq_Value=32000
ProjectManager.HeapSize=0x200
NVIC.HardFault_IRQn=true\:0\:0\:false\:false\:true\:false\:false
PA5.GPIOParameters=GPIO_PuPd
ProjectManager.ComputerToolchain=false
RCC.HSI_VALUE=16000000
NVIC.PriorityGroup=NVIC_PRIORITYGROUP_4
RCC.PLLN=10
RCC.APB1TimFreq_Value=80000000
NVIC.BusFault_IRQn=true\:0\:0\:false\:false\:true\:false\:false
RCC.PWRFreq_Value=80000000
RCC.LPUART1Freq_Value=80000000
RCC.APB1Freq_Value=80000000
SPI1.BaudRatePrescaler=SPI_BAUDRATEPRESCALER_16
ProjectManager.CustomerFirmwarePackage=
ProjectManager.DeviceId=STM32L412K8Tx
ProjectManager.LibraryCopy=1
RCC.HSI48_VALUE=48000000
PA13\ (JTMS/SWDIO).Signal=SYS_JTMS-SWDIO
PA7.Signal=SPI1_MOSI
PA2.Locked=true
isbadioc=false
